
Microsoft Visual Studio Solution File, Format Version 12.00
# Visual Studio 15
VisualStudioVersion = 15.0.28010.2046
MinimumVisualStudioVersion = 10.0.40219.1
Project("{FAE04EC0-301F-11D3-BF4B-00C04F79EFBC}") = "yazlab1.2", "yazlab1.2\yazlab1.2.csproj", "{4597D51B-633F-43B3-99D9-6EF07A1634EC}"
EndProject
Global
	GlobalSection(SolutionConfigurationPlatforms) = preSolution
		Debug|Any CPU = Debug|Any CPU
		Release|Any CPU = Release|Any CPU
	EndGlobalSection
	GlobalSection(ProjectConfigurationPlatforms) = postSolution
		{4597D51B-633F-43B3-99D9-6EF07A1634EC}.Debug|Any CPU.ActiveCfg = Debug|Any CPU
		{4597D51B-633F-43B3-99D9-6EF07A1634EC}.Debug|Any CPU.Build.0 = Debug|Any CPU
		{4597D51B-633F-43B3-99D9-6EF07A1634EC}.Release|Any CPU.ActiveCfg = Release|Any CPU
		{4597D51B-633F-43B3-99D9-6EF07A1634EC}.Release|Any CPU.Build.0 = Release|Any CPU
	EndGlobalSection
	GlobalSection(SolutionProperties) = preSolution
		HideSolutionNode = FALSE
	EndGlobalSection
	GlobalSection(ExtensibilityGlobals) = postSolution
		SolutionGuid = {89C7749D-12FB-4AA7-9B0C-135B03330DF9}
	EndGlobalSection
EndGlobal
